{
  "name": "gytfast",
  "version": "1.0.3",
  "lockfileVersion": 3,
  "requires": true,
  "packages": {
    "": {
      "name": "gytfast",
      "version": "1.0.3",
      "license": "ISC",
      "bin": {
        "gytfast": "bin/index.js",
        "gytfast-load-demo":"bin/load-demo"
      }
    }
  }
}
